
Microsoft Visual Studio Solution File, Format Version 12.00
# Visual Studio Version 16
VisualStudioVersion = 16.0.30621.155
MinimumVisualStudioVersion = 10.0.40219.1
Project("{FAE04EC0-301F-11D3-BF4B-00C04F79EFBC}") = "CustomizeFont.Android", "CustomizeFont\CustomizeFont.Android\CustomizeFont.Android.csproj", "{04FE8F44-A5EB-48E1-B4CA-06BD1E13A3A8}"
EndProject
Project("{FAE04EC0-301F-11D3-BF4B-00C04F79EFBC}") = "CustomizeFont.iOS", "CustomizeFont\CustomizeFont.iOS\CustomizeFont.iOS.csproj", "{6326E200-2C61-4843-B848-B80CCB97141B}"
EndProject
Project("{FAE04EC0-301F-11D3-BF4B-00C04F79EFBC}") = "CustomizeFont", "CustomizeFont\CustomizeFont\CustomizeFont.csproj", "{7F999DB5-854A-4C1C-B3DC-6CF81D15AE22}"
EndProject
Global
	GlobalSection(SolutionConfigurationPlatforms) = preSolution
		Debug|Any CPU = Debug|Any CPU
		Debug|iPhone = Debug|iPhone
		Debug|iPhoneSimulator = Debug|iPhoneSimulator
		Release|Any CPU = Release|Any CPU
		Release|iPhone = Release|iPhone
		Release|iPhoneSimulator = Release|iPhoneSimulator
	EndGlobalSection
	GlobalSection(ProjectConfigurationPlatforms) = postSolution
		{04FE8F44-A5EB-48E1-B4CA-06BD1E13A3A8}.Debug|Any CPU.ActiveCfg = Debug|Any CPU
		{04FE8F44-A5EB-48E1-B4CA-06BD1E13A3A8}.Debug|Any CPU.Build.0 = Debug|Any CPU
		{04FE8F44-A5EB-48E1-B4CA-06BD1E13A3A8}.Debug|Any CPU.Deploy.0 = Debug|Any CPU
		{04FE8F44-A5EB-48E1-B4CA-06BD1E13A3A8}.Debug|iPhone.ActiveCfg = Debug|Any CPU
		{04FE8F44-A5EB-48E1-B4CA-06BD1E13A3A8}.Debug|iPhone.Build.0 = Debug|Any CPU
		{04FE8F44-A5EB-48E1-B4CA-06BD1E13A3A8}.Debug|iPhone.Deploy.0 = Debug|Any CPU
		{04FE8F44-A5EB-48E1-B4CA-06BD1E13A3A8}.Debug|iPhoneSimulator.ActiveCfg = Debug|Any CPU
		{04FE8F44-A5EB-48E1-B4CA-06BD1E13A3A8}.Debug|iPhoneSimulator.Build.0 = Debug|Any CPU
		{04FE8F44-A5EB-48E1-B4CA-06BD1E13A3A8}.Debug|iPhoneSimulator.Deploy.0 = Debug|Any CPU
		{04FE8F44-A5EB-48E1-B4CA-06BD1E13A3A8}.Release|Any CPU.ActiveCfg = Release|Any CPU
		{04FE8F44-A5EB-48E1-B4CA-06BD1E13A3A8}.Release|Any CPU.Build.0 = Release|Any CPU
		{04FE8F44-A5EB-48E1-B4CA-06BD1E13A3A8}.Release|Any CPU.Deploy.0 = Release|Any CPU
		{04FE8F44-A5EB-48E1-B4CA-06BD1E13A3A8}.Release|iPhone.ActiveCfg = Release|Any CPU
		{04FE8F44-A5EB-48E1-B4CA-06BD1E13A3A8}.Release|iPhone.Build.0 = Release|Any CPU
		{04FE8F44-A5EB-48E1-B4CA-06BD1E13A3A8}.Release|iPhone.Deploy.0 = Release|Any CPU
		{04FE8F44-A5EB-48E1-B4CA-06BD1E13A3A8}.Release|iPhoneSimulator.ActiveCfg = Release|Any CPU
		{04FE8F44-A5EB-48E1-B4CA-06BD1E13A3A8}.Release|iPhoneSimulator.Build.0 = Release|Any CPU
		{04FE8F44-A5EB-48E1-B4CA-06BD1E13A3A8}.Release|iPhoneSimulator.Deploy.0 = Release|Any CPU
		{6326E200-2C61-4843-B848-B80CCB97141B}.Debug|Any CPU.ActiveCfg = Debug|iPhone
		{6326E200-2C61-4843-B848-B80CCB97141B}.Debug|Any CPU.Build.0 = Debug|iPhone
		{6326E200-2C61-4843-B848-B80CCB97141B}.Debug|Any CPU.Deploy.0 = Debug|iPhone
		{6326E200-2C61-4843-B848-B80CCB97141B}.Debug|iPhone.ActiveCfg = Debug|iPhone
		{6326E200-2C61-4843-B848-B80CCB97141B}.Debug|iPhone.Build.0 = Debug|iPhone
		{6326E200-2C61-4843-B848-B80CCB97141B}.Debug|iPhone.Deploy.0 = Debug|iPhone
		{6326E200-2C61-4843-B848-B80CCB97141B}.Debug|iPhoneSimulator.ActiveCfg = Debug|iPhoneSimulator
		{6326E200-2C61-4843-B848-B80CCB97141B}.Debug|iPhoneSimulator.Build.0 = Debug|iPhoneSimulator
		{6326E200-2C61-4843-B848-B80CCB97141B}.Debug|iPhoneSimulator.Deploy.0 = Debug|iPhoneSimulator
		{6326E200-2C61-4843-B848-B80CCB97141B}.Release|Any CPU.ActiveCfg = Release|iPhoneSimulator
		{6326E200-2C61-4843-B848-B80CCB97141B}.Release|Any CPU.Build.0 = Release|iPhoneSimulator
		{6326E200-2C61-4843-B848-B80CCB97141B}.Release|Any CPU.Deploy.0 = Release|iPhoneSimulator
		{6326E200-2C61-4843-B848-B80CCB97141B}.Release|iPhone.ActiveCfg = Release|iPhone
		{6326E200-2C61-4843-B848-B80CCB97141B}.Release|iPhone.Build.0 = Release|iPhone
		{6326E200-2C61-4843-B848-B80CCB97141B}.Release|iPhone.Deploy.0 = Release|iPhone
		{6326E200-2C61-4843-B848-B80CCB97141B}.Release|iPhoneSimulator.ActiveCfg = Release|iPhoneSimulator
		{6326E200-2C61-4843-B848-B80CCB97141B}.Release|iPhoneSimulator.Build.0 = Release|iPhoneSimulator
		{6326E200-2C61-4843-B848-B80CCB97141B}.Release|iPhoneSimulator.Deploy.0 = Release|iPhoneSimulator
		{7F999DB5-854A-4C1C-B3DC-6CF81D15AE22}.Debug|Any CPU.ActiveCfg = Debug|Any CPU
		{7F999DB5-854A-4C1C-B3DC-6CF81D15AE22}.Debug|Any CPU.Build.0 = Debug|Any CPU
		{7F999DB5-854A-4C1C-B3DC-6CF81D15AE22}.Debug|Any CPU.Deploy.0 = Debug|Any CPU
		{7F999DB5-854A-4C1C-B3DC-6CF81D15AE22}.Debug|iPhone.ActiveCfg = Debug|Any CPU
		{7F999DB5-854A-4C1C-B3DC-6CF81D15AE22}.Debug|iPhone.Build.0 = Debug|Any CPU
		{7F999DB5-854A-4C1C-B3DC-6CF81D15AE22}.Debug|iPhone.Deploy.0 = Debug|Any CPU
		{7F999DB5-854A-4C1C-B3DC-6CF81D15AE22}.Debug|iPhoneSimulator.ActiveCfg = Debug|Any CPU
		{7F999DB5-854A-4C1C-B3DC-6CF81D15AE22}.Debug|iPhoneSimulator.Build.0 = Debug|Any CPU
		{7F999DB5-854A-4C1C-B3DC-6CF81D15AE22}.Debug|iPhoneSimulator.Deploy.0 = Debug|Any CPU
		{7F999DB5-854A-4C1C-B3DC-6CF81D15AE22}.Release|Any CPU.ActiveCfg = Release|Any CPU
		{7F999DB5-854A-4C1C-B3DC-6CF81D15AE22}.Release|Any CPU.Build.0 = Release|Any CPU
		{7F999DB5-854A-4C1C-B3DC-6CF81D15AE22}.Release|Any CPU.Deploy.0 = Release|Any CPU
		{7F999DB5-854A-4C1C-B3DC-6CF81D15AE22}.Release|iPhone.ActiveCfg = Release|Any CPU
		{7F999DB5-854A-4C1C-B3DC-6CF81D15AE22}.Release|iPhone.Build.0 = Release|Any CPU
		{7F999DB5-854A-4C1C-B3DC-6CF81D15AE22}.Release|iPhone.Deploy.0 = Release|Any CPU
		{7F999DB5-854A-4C1C-B3DC-6CF81D15AE22}.Release|iPhoneSimulator.ActiveCfg = Release|Any CPU
		{7F999DB5-854A-4C1C-B3DC-6CF81D15AE22}.Release|iPhoneSimulator.Build.0 = Release|Any CPU
		{7F999DB5-854A-4C1C-B3DC-6CF81D15AE22}.Release|iPhoneSimulator.Deploy.0 = Release|Any CPU
	EndGlobalSection
	GlobalSection(SolutionProperties) = preSolution
		HideSolutionNode = FALSE
	EndGlobalSection
	GlobalSection(ExtensibilityGlobals) = postSolution
		SolutionGuid = {CB20EFFE-F3DE-44D8-B916-275C71D07633}
	EndGlobalSection
EndGlobal
